{
  "name": "linen.dev",
  "lockfileVersion": 2,
  "requires": true,
  "packages": {
    "": {
      "dependencies": {
        "@types/phoenix": "^1.5.4",
        "phoenix": "^1.6.15"
      },
      "devDependencies": {
        "dotenv": "^16.0.3"
      }
    },
    "node_modules/@types/phoenix": {
      "version": "1.5.4",
      "resolved": "https://registry.npmjs.org/@types/phoenix/-/phoenix-1.5.4.tgz",
      "integrity": "sha512-L5eZmzw89eXBKkiqVBcJfU1QGx9y+wurRIEgt0cuLH0hwNtVUxtx+6cu0R2STwWj468sjXyBYPYDtGclUd1kjQ=="
    },
    "node_modules/dotenv": {
      "version": "16.0.3",
      "resolved": "https://registry.npmjs.org/dotenv/-/dotenv-16.0.3.tgz",
      "integrity": "sha512-7GO6HghkA5fYG9TYnNxi14/7K9f5occMlp3zXAuSxn7CKCxt9xbNWG7yF8hTCSUchlfWSe3uLmlPfigevRItzQ==",
      "dev": true,
      "engines": {
        "node": ">=12"
      }
    },
    "node_modules/phoenix": {
      "version": "1.6.15",
      "resolved": "https://registry.npmjs.org/phoenix/-/phoenix-1.6.15.tgz",
      "integrity": "sha512-O6AG5jTkZOOkdd/GOSCsM4v3bzBoyRnC5bEi57KhX/Daba6FvnBRzt0nhEeRRiVQGLSxDlyb0dUe9CkYWMZd8g=="
    }
  },
  "dependencies": {
    "@types/phoenix": {
      "version": "1.5.4",
      "resolved": "https://registry.npmjs.org/@types/phoenix/-/phoenix-1.5.4.tgz",
      "integrity": "sha512-L5eZmzw89eXBKkiqVBcJfU1QGx9y+wurRIEgt0cuLH0hwNtVUxtx+6cu0R2STwWj468sjXyBYPYDtGclUd1kjQ=="
    },
    "dotenv": {
      "version": "16.0.3",
      "resolved": "https://registry.npmjs.org/dotenv/-/dotenv-16.0.3.tgz",
      "integrity": "sha512-7GO6HghkA5fYG9TYnNxi14/7K9f5occMlp3zXAuSxn7CKCxt9xbNWG7yF8hTCSUchlfWSe3uLmlPfigevRItzQ==",
      "dev": true
    },
    "phoenix": {
      "version": "1.6.15",
      "resolved": "https://registry.npmjs.org/phoenix/-/phoenix-1.6.15.tgz",
      "integrity": "sha512-O6AG5jTkZOOkdd/GOSCsM4v3bzBoyRnC5bEi57KhX/Daba6FvnBRzt0nhEeRRiVQGLSxDlyb0dUe9CkYWMZd8g=="
    }
  }
}
