{
  "name": "linen.dev",
  "lockfileVersion": 2,
  "requires": true,
  "packages": {
    "": {
      "dependencies": {
        "@types/phoenix": "^1.5.4",
        "phoenix": "^1.6.11"
      }
    },
    "node_modules/@types/phoenix": {
      "version": "1.5.4",
      "resolved": "https://registry.npmjs.org/@types/phoenix/-/phoenix-1.5.4.tgz",
      "integrity": "sha512-L5eZmzw89eXBKkiqVBcJfU1QGx9y+wurRIEgt0cuLH0hwNtVUxtx+6cu0R2STwWj468sjXyBYPYDtGclUd1kjQ=="
    },
    "node_modules/phoenix": {
      "version": "1.6.11",
      "resolved": "https://registry.npmjs.org/phoenix/-/phoenix-1.6.11.tgz",
      "integrity": "sha512-z/MSg9yY20JhTSj6tKmOYE9p+PuU+FVstYtgBfIZPGNLKhSuV9Zcs9LLLKWeiJ9EUzaXS/QeO8Po4+jJnyNfMw=="
    }
  },
  "dependencies": {
    "@types/phoenix": {
      "version": "1.5.4",
      "resolved": "https://registry.npmjs.org/@types/phoenix/-/phoenix-1.5.4.tgz",
      "integrity": "sha512-L5eZmzw89eXBKkiqVBcJfU1QGx9y+wurRIEgt0cuLH0hwNtVUxtx+6cu0R2STwWj468sjXyBYPYDtGclUd1kjQ=="
    },
    "phoenix": {
      "version": "1.6.11",
      "resolved": "https://registry.npmjs.org/phoenix/-/phoenix-1.6.11.tgz",
      "integrity": "sha512-z/MSg9yY20JhTSj6tKmOYE9p+PuU+FVstYtgBfIZPGNLKhSuV9Zcs9LLLKWeiJ9EUzaXS/QeO8Po4+jJnyNfMw=="
    }
  }
}
