{
  "name": "desktop",
  "version": "0.0.0",
  "lockfileVersion": 2,
  "requires": true,
  "packages": {
    "": {
      "name": "desktop",
      "version": "0.0.0",
      "dependencies": {
        "@tauri-apps/api": "^1.1.0",
        "next": "^12.2.5",
        "react": "^18.2.0",
        "react-dom": "^18.2.0"
      },
      "devDependencies": {
        "@tauri-apps/cli": "^1.1.0",
        "@types/node": "^18.7.11",
        "@types/react": "^18.0.17",
        "@types/react-dom": "^18.0.6",
        "typescript": "^4.7.4"
      }
    },
    "node_modules/@next/env": {
      "version": "12.3.3",
      "resolved": "https://registry.npmjs.org/@next/env/-/env-12.3.3.tgz",
      "integrity": "sha512-H2pKuOasV9RgvVaWosB2rGSNeQShQpiDaF4EEjLyagIc3HwqdOw2/VAG/8Lq+adOwPv2P73O1hulTNad3k5MDw=="
    },
    "node_modules/@next/swc-android-arm-eabi": {
      "version": "12.3.3",
      "resolved": "https://registry.npmjs.org/@next/swc-android-arm-eabi/-/swc-android-arm-eabi-12.3.3.tgz",
      "integrity": "sha512-5O/ZIX6hlIRGMy1R2f/8WiCZ4Hp4WTC0FcTuz8ycQ28j/mzDnmzjVoayVVr+ZmfEKQayFrRu+vxHjFyY0JGQlQ==",
      "cpu": [
        "arm"
      ],
      "optional": true,
      "os": [
        "android"
      ],
      "engines": {
        "node": ">= 10"
      }
    },
    "node_modules/@next/swc-android-arm64": {
      "version": "12.3.3",
      "resolved": "https://registry.npmjs.org/@next/swc-android-arm64/-/swc-android-arm64-12.3.3.tgz",
      "integrity": "sha512-2QWreRmlxYRDtnLYn+BI8oukHwcP7W0zGIY5R2mEXRjI4ARqCLdu8RmcT9Vemw7RfeAVKA/4cv/9PY0pCcQpNA==",
      "cpu": [
        "arm64"
      ],
      "optional": true,
      "os": [
        "android"
      ],
      "engines": {
        "node": ">= 10"
      }
    },
    "node_modules/@next/swc-darwin-arm64": {
      "version": "12.3.3",
      "resolved": "https://registry.npmjs.org/@next/swc-darwin-arm64/-/swc-darwin-arm64-12.3.3.tgz",
      "integrity": "sha512-GtZdDLerM+VToCMFp+W+WhnT6sxHePQH4xZZiYD/Y8KFiwHbDRcJr2FPG0bAJnGNiSvv/QQnBq74wjZ9+7vhcQ==",
      "cpu": [
        "arm64"
      ],
      "optional": true,
      "os": [
        "darwin"
      ],
      "engines": {
        "node": ">= 10"
      }
    },
    "node_modules/@next/swc-darwin-x64": {
      "version": "12.3.3",
      "resolved": "https://registry.npmjs.org/@next/swc-darwin-x64/-/swc-darwin-x64-12.3.3.tgz",
      "integrity": "sha512-gRYvTKrRYynjFQUDJ+upHMcBiNz0ii0m7zGgmUTlTSmrBWqVSzx79EHYT7Nn4GWHM+a/W+2VXfu+lqHcJeQ9gQ==",
      "cpu": [
        "x64"
      ],
      "optional": true,
      "os": [
        "darwin"
      ],
      "engines": {
        "node": ">= 10"
      }
    },
    "node_modules/@next/swc-freebsd-x64": {
      "version": "12.3.3",
      "resolved": "https://registry.npmjs.org/@next/swc-freebsd-x64/-/swc-freebsd-x64-12.3.3.tgz",
      "integrity": "sha512-r+GLATzCjjQI82bgrIPXWEYBwZonSO64OThk5wU6HduZlDYTEDxZsFNoNoesCDWCgRrgg+OXj7WLNy1WlvfX7w==",
      "cpu": [
        "x64"
      ],
      "optional": true,
      "os": [
        "freebsd"
      ],
      "engines": {
        "node": ">= 10"
      }
    },
    "node_modules/@next/swc-linux-arm-gnueabihf": {
      "version": "12.3.3",
      "resolved": "https://registry.npmjs.org/@next/swc-linux-arm-gnueabihf/-/swc-linux-arm-gnueabihf-12.3.3.tgz",
      "integrity": "sha512-juvRj1QX9jmQScL4nV0rROtYUFgWP76zfdn1fdfZ2BhvwUugIAq8x+jLVGlnXKUhDrP9+RrAufqXjjVkK+uBxA==",
      "cpu": [
        "arm"
      ],
      "optional": true,
      "os": [
        "linux"
      ],
      "engines": {
        "node": ">= 10"
      }
    },
    "node_modules/@next/swc-linux-arm64-gnu": {
      "version": "12.3.3",
      "resolved": "https://registry.npmjs.org/@next/swc-linux-arm64-gnu/-/swc-linux-arm64-gnu-12.3.3.tgz",
      "integrity": "sha512-hzinybStPB+SzS68hR5rzOngOH7Yd/jFuWGeg9qS5WifYXHpqwGH2BQeKpjVV0iJuyO9r309JKrRWMrbfhnuBA==",
      "cpu": [
        "arm64"
      ],
      "optional": true,
      "os": [
        "linux"
      ],
      "engines": {
        "node": ">= 10"
      }
    },
    "node_modules/@next/swc-linux-arm64-musl": {
      "version": "12.3.3",
      "resolved": "https://registry.npmjs.org/@next/swc-linux-arm64-musl/-/swc-linux-arm64-musl-12.3.3.tgz",
      "integrity": "sha512-oyfQYljCwf+9zUu1YkTZbRbyxmcHzvJPMGOxC3kJOReh3kCUoGcmvAxUPMtFD6FSYjJ+eaog4+2IFHtYuAw/bQ==",
      "cpu": [
        "arm64"
      ],
      "optional": true,
      "os": [
        "linux"
      ],
      "engines": {
        "node": ">= 10"
      }
    },
    "node_modules/@next/swc-linux-x64-gnu": {
      "version": "12.3.3",
      "resolved": "https://registry.npmjs.org/@next/swc-linux-x64-gnu/-/swc-linux-x64-gnu-12.3.3.tgz",
      "integrity": "sha512-epv4FMazj/XG70KTTnrZ0H1VtL6DeWOvyHLHYy7f5PdgDpBXpDTFjVqhP8NFNH8HmaDDdeL1NvQD07AXhyvUKA==",
      "cpu": [
        "x64"
      ],
      "optional": true,
      "os": [
        "linux"
      ],
      "engines": {
        "node": ">= 10"
      }
    },
    "node_modules/@next/swc-linux-x64-musl": {
      "version": "12.3.3",
      "resolved": "https://registry.npmjs.org/@next/swc-linux-x64-musl/-/swc-linux-x64-musl-12.3.3.tgz",
      "integrity": "sha512-bG5QODFy59XnSFTiPyIAt+rbPdphtvQMibtOVvyjwIwsBUw7swJ6k+6PSPVYEYpi6SHzi3qYBsro39ayGJKQJg==",
      "cpu": [
        "x64"
      ],
      "optional": true,
      "os": [
        "linux"
      ],
      "engines": {
        "node": ">= 10"
      }
    },
    "node_modules/@next/swc-win32-arm64-msvc": {
      "version": "12.3.3",
      "resolved": "https://registry.npmjs.org/@next/swc-win32-arm64-msvc/-/swc-win32-arm64-msvc-12.3.3.tgz",
      "integrity": "sha512-FbnT3reJ3MbTJ5W0hvlCCGGVDSpburzT5XGC9ljBJ4kr+85iNTLjv7+vrPeDdwHEqtGmdZgnabkLVCI4yFyCag==",
      "cpu": [
        "arm64"
      ],
      "optional": true,
      "os": [
        "win32"
      ],
      "engines": {
        "node": ">= 10"
      }
    },
    "node_modules/@next/swc-win32-ia32-msvc": {
      "version": "12.3.3",
      "resolved": "https://registry.npmjs.org/@next/swc-win32-ia32-msvc/-/swc-win32-ia32-msvc-12.3.3.tgz",
      "integrity": "sha512-M/fKZC2tMGWA6eTsIniNEBpx2prdR8lIxvSO3gv5P6ymZOGVWCvEMksnTkPAjHnU6d8r8eCiuGKm3UNo7zCTpQ==",
      "cpu": [
        "ia32"
      ],
      "optional": true,
      "os": [
        "win32"
      ],
      "engines": {
        "node": ">= 10"
      }
    },
    "node_modules/@next/swc-win32-x64-msvc": {
      "version": "12.3.3",
      "resolved": "https://registry.npmjs.org/@next/swc-win32-x64-msvc/-/swc-win32-x64-msvc-12.3.3.tgz",
      "integrity": "sha512-Ku9mfGwmNtk44o4B/jEWUxBAT4tJ3S7QbBMLJdL1GmtRZ05LGL36OqWjLvBPr8dFiHOQQbYoAmYfQw7zeGypYA==",
      "cpu": [
        "x64"
      ],
      "optional": true,
      "os": [
        "win32"
      ],
      "engines": {
        "node": ">= 10"
      }
    },
    "node_modules/@swc/helpers": {
      "version": "0.4.11",
      "resolved": "https://registry.npmjs.org/@swc/helpers/-/helpers-0.4.11.tgz",
      "integrity": "sha512-rEUrBSGIoSFuYxwBYtlUFMlE2CwGhmW+w9355/5oduSw8e5h2+Tj4UrAGNNgP9915++wj5vkQo0UuOBqOAq4nw==",
      "dependencies": {
        "tslib": "^2.4.0"
      }
    },
    "node_modules/@tauri-apps/api": {
      "version": "1.2.0",
      "resolved": "https://registry.npmjs.org/@tauri-apps/api/-/api-1.2.0.tgz",
      "integrity": "sha512-lsI54KI6HGf7VImuf/T9pnoejfgkNoXveP14pVV7XarrQ46rOejIVJLFqHI9sRReJMGdh2YuCoI3cc/yCWCsrw==",
      "engines": {
        "node": ">= 14.6.0",
        "npm": ">= 6.6.0",
        "yarn": ">= 1.19.1"
      },
      "funding": {
        "type": "opencollective",
        "url": "https://opencollective.com/tauri"
      }
    },
    "node_modules/@tauri-apps/cli": {
      "version": "1.2.0",
      "resolved": "https://registry.npmjs.org/@tauri-apps/cli/-/cli-1.2.0.tgz",
      "integrity": "sha512-DgUnk4p/atWHq2HUx9Vt+/LuRsx4iFlkzdZIUxtFWvpcZih2k0TzmHJbrhM1evh1/7a+SqiwDawmyf3Hz1HxXA==",
      "dev": true,
      "bin": {
        "tauri": "tauri.js"
      },
      "engines": {
        "node": ">= 10"
      },
      "funding": {
        "type": "opencollective",
        "url": "https://opencollective.com/tauri"
      },
      "optionalDependencies": {
        "@tauri-apps/cli-darwin-arm64": "1.2.0",
        "@tauri-apps/cli-darwin-x64": "1.2.0",
        "@tauri-apps/cli-linux-arm-gnueabihf": "1.2.0",
        "@tauri-apps/cli-linux-arm64-gnu": "1.2.0",
        "@tauri-apps/cli-linux-arm64-musl": "1.2.0",
        "@tauri-apps/cli-linux-x64-gnu": "1.2.0",
        "@tauri-apps/cli-linux-x64-musl": "1.2.0",
        "@tauri-apps/cli-win32-ia32-msvc": "1.2.0",
        "@tauri-apps/cli-win32-x64-msvc": "1.2.0"
      }
    },
    "node_modules/@tauri-apps/cli-darwin-arm64": {
      "version": "1.2.0",
      "resolved": "https://registry.npmjs.org/@tauri-apps/cli-darwin-arm64/-/cli-darwin-arm64-1.2.0.tgz",
      "integrity": "sha512-f3LR2RvTU2ulxYdK9Nc3vKaSpDChu52pz0BMWNrSs3dxs4WTVioie98Ufz+GorifkUp3sYXcJte3HzX6wH/QxQ==",
      "cpu": [
        "arm64"
      ],
      "dev": true,
      "optional": true,
      "os": [
        "darwin"
      ],
      "engines": {
        "node": ">= 10"
      }
    },
    "node_modules/@tauri-apps/cli-darwin-x64": {
      "version": "1.2.0",
      "resolved": "https://registry.npmjs.org/@tauri-apps/cli-darwin-x64/-/cli-darwin-x64-1.2.0.tgz",
      "integrity": "sha512-m07QZaAZCtyobrjddfz/Rxf9GGutnBOpRMbNqVqCk0qKRJzHG1fIsLqkgZh6+qPv0zHpu7xi/FPcqTec72Cp8w==",
      "cpu": [
        "x64"
      ],
      "dev": true,
      "optional": true,
      "os": [
        "darwin"
      ],
      "engines": {
        "node": ">= 10"
      }
    },
    "node_modules/@tauri-apps/cli-linux-arm-gnueabihf": {
      "version": "1.2.0",
      "resolved": "https://registry.npmjs.org/@tauri-apps/cli-linux-arm-gnueabihf/-/cli-linux-arm-gnueabihf-1.2.0.tgz",
      "integrity": "sha512-Id9eF1JtthZRFVtXAAVtSlI3uMT8cJ7LYmCSIl3mAXEUeaPBxnUs1i9X6/J+2Ho3yLEuuOxJ7PaJd+4v8wnEeg==",
      "cpu": [
        "arm"
      ],
      "dev": true,
      "optional": true,
      "os": [
        "linux"
      ],
      "engines": {
        "node": ">= 10"
      }
    },
    "node_modules/@tauri-apps/cli-linux-arm64-gnu": {
      "version": "1.2.0",
      "resolved": "https://registry.npmjs.org/@tauri-apps/cli-linux-arm64-gnu/-/cli-linux-arm64-gnu-1.2.0.tgz",
      "integrity": "sha512-NtfPkkpeMPl+i/tB/Fc8ST2rKO2vV8int/RkOvNGLCkhWcl4sbzKBol7tc4q8c8h0X7FXDcF1l/EOuGsZUAA5Q==",
      "cpu": [
        "arm64"
      ],
      "dev": true,
      "optional": true,
      "os": [
        "linux"
      ],
      "engines": {
        "node": ">= 10"
      }
    },
    "node_modules/@tauri-apps/cli-linux-arm64-musl": {
      "version": "1.2.0",
      "resolved": "https://registry.npmjs.org/@tauri-apps/cli-linux-arm64-musl/-/cli-linux-arm64-musl-1.2.0.tgz",
      "integrity": "sha512-tz+mOOVsy/TMdq2WJVIJl/iwW3OCWCyD5Fls3fhyJ4XpLfjn4G+C+oU0awXD/0se0ko81aq4D+r8eDx6oBRi0A==",
      "cpu": [
        "arm64"
      ],
      "dev": true,
      "optional": true,
      "os": [
        "linux"
      ],
      "engines": {
        "node": ">= 10"
      }
    },
    "node_modules/@tauri-apps/cli-linux-x64-gnu": {
      "version": "1.2.0",
      "resolved": "https://registry.npmjs.org/@tauri-apps/cli-linux-x64-gnu/-/cli-linux-x64-gnu-1.2.0.tgz",
      "integrity": "sha512-FH/wU+OWZjRQvrq/oequScr72I84XgOuRuMEpt/GqGD341cBJ8ithpoyzuiKsvjS6K0qMyRFzy3eyhQ7gwX+4Q==",
      "cpu": [
        "x64"
      ],
      "dev": true,
      "optional": true,
      "os": [
        "linux"
      ],
      "engines": {
        "node": ">= 10"
      }
    },
    "node_modules/@tauri-apps/cli-linux-x64-musl": {
      "version": "1.2.0",
      "resolved": "https://registry.npmjs.org/@tauri-apps/cli-linux-x64-musl/-/cli-linux-x64-musl-1.2.0.tgz",
      "integrity": "sha512-nLg30aBT9fI83sjIqaGPN7twbtE5LJy2DbKzxIlw59F+GT8HBdiM/2mZdTLB3AQb52yVHuGB1TVtWDsl0JHqCA==",
      "cpu": [
        "x64"
      ],
      "dev": true,
      "optional": true,
      "os": [
        "linux"
      ],
      "engines": {
        "node": ">= 10"
      }
    },
    "node_modules/@tauri-apps/cli-win32-ia32-msvc": {
      "version": "1.2.0",
      "resolved": "https://registry.npmjs.org/@tauri-apps/cli-win32-ia32-msvc/-/cli-win32-ia32-msvc-1.2.0.tgz",
      "integrity": "sha512-eXtgIgY0fawgcOuUjH8Y6PxwPxbK87Zl9XmA7Q0m58T7pIz+gcbgvtH8Bb+liYHoRYItIhQxVm+ui7Y59rI7Cg==",
      "cpu": [
        "ia32"
      ],
      "dev": true,
      "optional": true,
      "os": [
        "win32"
      ],
      "engines": {
        "node": ">= 10"
      }
    },
    "node_modules/@tauri-apps/cli-win32-x64-msvc": {
      "version": "1.2.0",
      "resolved": "https://registry.npmjs.org/@tauri-apps/cli-win32-x64-msvc/-/cli-win32-x64-msvc-1.2.0.tgz",
      "integrity": "sha512-egyM66R05AIbkaUDptpHurFTIYp3VM4H5OrRd3O2b0oXf8SoiXiyrHbQsHVHHDYyytKmwkdNqjdy+Vev/Vq25Q==",
      "cpu": [
        "x64"
      ],
      "dev": true,
      "optional": true,
      "os": [
        "win32"
      ],
      "engines": {
        "node": ">= 10"
      }
    },
    "node_modules/@types/node": {
      "version": "18.11.9",
      "resolved": "https://registry.npmjs.org/@types/node/-/node-18.11.9.tgz",
      "integrity": "sha512-CRpX21/kGdzjOpFsZSkcrXMGIBWMGNIHXXBVFSH+ggkftxg+XYP20TESbh+zFvFj3EQOl5byk0HTRn1IL6hbqg==",
      "dev": true
    },
    "node_modules/@types/prop-types": {
      "version": "15.7.5",
      "resolved": "https://registry.npmjs.org/@types/prop-types/-/prop-types-15.7.5.tgz",
      "integrity": "sha512-JCB8C6SnDoQf0cNycqd/35A7MjcnK+ZTqE7judS6o7utxUCg6imJg3QK2qzHKszlTjcj2cn+NwMB2i96ubpj7w==",
      "dev": true
    },
    "node_modules/@types/react": {
      "version": "18.0.25",
      "resolved": "https://registry.npmjs.org/@types/react/-/react-18.0.25.tgz",
      "integrity": "sha512-xD6c0KDT4m7n9uD4ZHi02lzskaiqcBxf4zi+tXZY98a04wvc0hi/TcCPC2FOESZi51Nd7tlUeOJY8RofL799/g==",
      "dev": true,
      "dependencies": {
        "@types/prop-types": "*",
        "@types/scheduler": "*",
        "csstype": "^3.0.2"
      }
    },
    "node_modules/@types/react-dom": {
      "version": "18.0.8",
      "resolved": "https://registry.npmjs.org/@types/react-dom/-/react-dom-18.0.8.tgz",
      "integrity": "sha512-C3GYO0HLaOkk9dDAz3Dl4sbe4AKUGTCfFIZsz3n/82dPNN8Du533HzKatDxeUYWu24wJgMP1xICqkWk1YOLOIw==",
      "dev": true,
      "dependencies": {
        "@types/react": "*"
      }
    },
    "node_modules/@types/scheduler": {
      "version": "0.16.2",
      "resolved": "https://registry.npmjs.org/@types/scheduler/-/scheduler-0.16.2.tgz",
      "integrity": "sha512-hppQEBDmlwhFAXKJX2KnWLYu5yMfi91yazPb2l+lbJiwW+wdo1gNeRA+3RgNSO39WYX2euey41KEwnqesU2Jew==",
      "dev": true
    },
    "node_modules/caniuse-lite": {
      "version": "1.0.30001431",
      "resolved": "https://registry.npmjs.org/caniuse-lite/-/caniuse-lite-1.0.30001431.tgz",
      "integrity": "sha512-zBUoFU0ZcxpvSt9IU66dXVT/3ctO1cy4y9cscs1szkPlcWb6pasYM144GqrUygUbT+k7cmUCW61cvskjcv0enQ==",
      "funding": [
        {
          "type": "opencollective",
          "url": "https://opencollective.com/browserslist"
        },
        {
          "type": "tidelift",
          "url": "https://tidelift.com/funding/github/npm/caniuse-lite"
        }
      ]
    },
    "node_modules/csstype": {
      "version": "3.1.1",
      "resolved": "https://registry.npmjs.org/csstype/-/csstype-3.1.1.tgz",
      "integrity": "sha512-DJR/VvkAvSZW9bTouZue2sSxDwdTN92uHjqeKVm+0dAqdfNykRzQ95tay8aXMBAAPpUiq4Qcug2L7neoRh2Egw==",
      "dev": true
    },
    "node_modules/js-tokens": {
      "version": "4.0.0",
      "resolved": "https://registry.npmjs.org/js-tokens/-/js-tokens-4.0.0.tgz",
      "integrity": "sha512-RdJUflcE3cUzKiMqQgsCu06FPu9UdIJO0beYbPhHN4k6apgJtifcoCtT9bcxOpYBtpD2kCM6Sbzg4CausW/PKQ=="
    },
    "node_modules/loose-envify": {
      "version": "1.4.0",
      "resolved": "https://registry.npmjs.org/loose-envify/-/loose-envify-1.4.0.tgz",
      "integrity": "sha512-lyuxPGr/Wfhrlem2CL/UcnUc1zcqKAImBDzukY7Y5F/yQiNdko6+fRLevlw1HgMySw7f611UIY408EtxRSoK3Q==",
      "dependencies": {
        "js-tokens": "^3.0.0 || ^4.0.0"
      },
      "bin": {
        "loose-envify": "cli.js"
      }
    },
    "node_modules/nanoid": {
      "version": "3.3.4",
      "resolved": "https://registry.npmjs.org/nanoid/-/nanoid-3.3.4.tgz",
      "integrity": "sha512-MqBkQh/OHTS2egovRtLk45wEyNXwF+cokD+1YPf9u5VfJiRdAiRwB2froX5Co9Rh20xs4siNPm8naNotSD6RBw==",
      "bin": {
        "nanoid": "bin/nanoid.cjs"
      },
      "engines": {
        "node": "^10 || ^12 || ^13.7 || ^14 || >=15.0.1"
      }
    },
    "node_modules/next": {
      "version": "12.3.3",
      "resolved": "https://registry.npmjs.org/next/-/next-12.3.3.tgz",
      "integrity": "sha512-Rx2Y6Wl5R8E77NOfBupp/B9OPCklqfqD0yN2+rDivhMjd6hjVFH5n0WTDI4PWwDmZsdNcYt6NV85kJ3PLR+eNQ==",
      "dependencies": {
        "@next/env": "12.3.3",
        "@swc/helpers": "0.4.11",
        "caniuse-lite": "^1.0.30001406",
        "postcss": "8.4.14",
        "styled-jsx": "5.0.7",
        "use-sync-external-store": "1.2.0"
      },
      "bin": {
        "next": "dist/bin/next"
      },
      "engines": {
        "node": ">=12.22.0"
      },
      "optionalDependencies": {
        "@next/swc-android-arm-eabi": "12.3.3",
        "@next/swc-android-arm64": "12.3.3",
        "@next/swc-darwin-arm64": "12.3.3",
        "@next/swc-darwin-x64": "12.3.3",
        "@next/swc-freebsd-x64": "12.3.3",
        "@next/swc-linux-arm-gnueabihf": "12.3.3",
        "@next/swc-linux-arm64-gnu": "12.3.3",
        "@next/swc-linux-arm64-musl": "12.3.3",
        "@next/swc-linux-x64-gnu": "12.3.3",
        "@next/swc-linux-x64-musl": "12.3.3",
        "@next/swc-win32-arm64-msvc": "12.3.3",
        "@next/swc-win32-ia32-msvc": "12.3.3",
        "@next/swc-win32-x64-msvc": "12.3.3"
      },
      "peerDependencies": {
        "fibers": ">= 3.1.0",
        "node-sass": "^6.0.0 || ^7.0.0",
        "react": "^17.0.2 || ^18.0.0-0",
        "react-dom": "^17.0.2 || ^18.0.0-0",
        "sass": "^1.3.0"
      },
      "peerDependenciesMeta": {
        "fibers": {
          "optional": true
        },
        "node-sass": {
          "optional": true
        },
        "sass": {
          "optional": true
        }
      }
    },
    "node_modules/picocolors": {
      "version": "1.0.0",
      "resolved": "https://registry.npmjs.org/picocolors/-/picocolors-1.0.0.tgz",
      "integrity": "sha512-1fygroTLlHu66zi26VoTDv8yRgm0Fccecssto+MhsZ0D/DGW2sm8E8AjW7NU5VVTRt5GxbeZ5qBuJr+HyLYkjQ=="
    },
    "node_modules/postcss": {
      "version": "8.4.14",
      "resolved": "https://registry.npmjs.org/postcss/-/postcss-8.4.14.tgz",
      "integrity": "sha512-E398TUmfAYFPBSdzgeieK2Y1+1cpdxJx8yXbK/m57nRhKSmk1GB2tO4lbLBtlkfPQTDKfe4Xqv1ASWPpayPEig==",
      "funding": [
        {
          "type": "opencollective",
          "url": "https://opencollective.com/postcss/"
        },
        {
          "type": "tidelift",
          "url": "https://tidelift.com/funding/github/npm/postcss"
        }
      ],
      "dependencies": {
        "nanoid": "^3.3.4",
        "picocolors": "^1.0.0",
        "source-map-js": "^1.0.2"
      },
      "engines": {
        "node": "^10 || ^12 || >=14"
      }
    },
    "node_modules/react": {
      "version": "18.2.0",
      "resolved": "https://registry.npmjs.org/react/-/react-18.2.0.tgz",
      "integrity": "sha512-/3IjMdb2L9QbBdWiW5e3P2/npwMBaU9mHCSCUzNln0ZCYbcfTsGbTJrU/kGemdH2IWmB2ioZ+zkxtmq6g09fGQ==",
      "dependencies": {
        "loose-envify": "^1.1.0"
      },
      "engines": {
        "node": ">=0.10.0"
      }
    },
    "node_modules/react-dom": {
      "version": "18.2.0",
      "resolved": "https://registry.npmjs.org/react-dom/-/react-dom-18.2.0.tgz",
      "integrity": "sha512-6IMTriUmvsjHUjNtEDudZfuDQUoWXVxKHhlEGSk81n4YFS+r/Kl99wXiwlVXtPBtJenozv2P+hxDsw9eA7Xo6g==",
      "dependencies": {
        "loose-envify": "^1.1.0",
        "scheduler": "^0.23.0"
      },
      "peerDependencies": {
        "react": "^18.2.0"
      }
    },
    "node_modules/scheduler": {
      "version": "0.23.0",
      "resolved": "https://registry.npmjs.org/scheduler/-/scheduler-0.23.0.tgz",
      "integrity": "sha512-CtuThmgHNg7zIZWAXi3AsyIzA3n4xx7aNyjwC2VJldO2LMVDhFK+63xGqq6CsJH4rTAt6/M+N4GhZiDYPx9eUw==",
      "dependencies": {
        "loose-envify": "^1.1.0"
      }
    },
    "node_modules/source-map-js": {
      "version": "1.0.2",
      "resolved": "https://registry.npmjs.org/source-map-js/-/source-map-js-1.0.2.tgz",
      "integrity": "sha512-R0XvVJ9WusLiqTCEiGCmICCMplcCkIwwR11mOSD9CR5u+IXYdiseeEuXCVAjS54zqwkLcPNnmU4OeJ6tUrWhDw==",
      "engines": {
        "node": ">=0.10.0"
      }
    },
    "node_modules/styled-jsx": {
      "version": "5.0.7",
      "resolved": "https://registry.npmjs.org/styled-jsx/-/styled-jsx-5.0.7.tgz",
      "integrity": "sha512-b3sUzamS086YLRuvnaDigdAewz1/EFYlHpYBP5mZovKEdQQOIIYq8lApylub3HHZ6xFjV051kkGU7cudJmrXEA==",
      "engines": {
        "node": ">= 12.0.0"
      },
      "peerDependencies": {
        "react": ">= 16.8.0 || 17.x.x || ^18.0.0-0"
      },
      "peerDependenciesMeta": {
        "@babel/core": {
          "optional": true
        },
        "babel-plugin-macros": {
          "optional": true
        }
      }
    },
    "node_modules/tslib": {
      "version": "2.4.1",
      "resolved": "https://registry.npmjs.org/tslib/-/tslib-2.4.1.tgz",
      "integrity": "sha512-tGyy4dAjRIEwI7BzsB0lynWgOpfqjUdq91XXAlIWD2OwKBH7oCl/GZG/HT4BOHrTlPMOASlMQ7veyTqpmRcrNA=="
    },
    "node_modules/typescript": {
      "version": "4.8.4",
      "resolved": "https://registry.npmjs.org/typescript/-/typescript-4.8.4.tgz",
      "integrity": "sha512-QCh+85mCy+h0IGff8r5XWzOVSbBO+KfeYrMQh7NJ58QujwcE22u+NUSmUxqF+un70P9GXKxa2HCNiTTMJknyjQ==",
      "dev": true,
      "bin": {
        "tsc": "bin/tsc",
        "tsserver": "bin/tsserver"
      },
      "engines": {
        "node": ">=4.2.0"
      }
    },
    "node_modules/use-sync-external-store": {
      "version": "1.2.0",
      "resolved": "https://registry.npmjs.org/use-sync-external-store/-/use-sync-external-store-1.2.0.tgz",
      "integrity": "sha512-eEgnFxGQ1Ife9bzYs6VLi8/4X6CObHMw9Qr9tPY43iKwsPw8xE8+EFsf/2cFZ5S3esXgpWgtSCtLNS41F+sKPA==",
      "peerDependencies": {
        "react": "^16.8.0 || ^17.0.0 || ^18.0.0"
      }
    }
  },
  "dependencies": {
    "@next/env": {
      "version": "12.3.3",
      "resolved": "https://registry.npmjs.org/@next/env/-/env-12.3.3.tgz",
      "integrity": "sha512-H2pKuOasV9RgvVaWosB2rGSNeQShQpiDaF4EEjLyagIc3HwqdOw2/VAG/8Lq+adOwPv2P73O1hulTNad3k5MDw=="
    },
    "@next/swc-android-arm-eabi": {
      "version": "12.3.3",
      "resolved": "https://registry.npmjs.org/@next/swc-android-arm-eabi/-/swc-android-arm-eabi-12.3.3.tgz",
      "integrity": "sha512-5O/ZIX6hlIRGMy1R2f/8WiCZ4Hp4WTC0FcTuz8ycQ28j/mzDnmzjVoayVVr+ZmfEKQayFrRu+vxHjFyY0JGQlQ==",
      "optional": true
    },
    "@next/swc-android-arm64": {
      "version": "12.3.3",
      "resolved": "https://registry.npmjs.org/@next/swc-android-arm64/-/swc-android-arm64-12.3.3.tgz",
      "integrity": "sha512-2QWreRmlxYRDtnLYn+BI8oukHwcP7W0zGIY5R2mEXRjI4ARqCLdu8RmcT9Vemw7RfeAVKA/4cv/9PY0pCcQpNA==",
      "optional": true
    },
    "@next/swc-darwin-arm64": {
      "version": "12.3.3",
      "resolved": "https://registry.npmjs.org/@next/swc-darwin-arm64/-/swc-darwin-arm64-12.3.3.tgz",
      "integrity": "sha512-GtZdDLerM+VToCMFp+W+WhnT6sxHePQH4xZZiYD/Y8KFiwHbDRcJr2FPG0bAJnGNiSvv/QQnBq74wjZ9+7vhcQ==",
      "optional": true
    },
    "@next/swc-darwin-x64": {
      "version": "12.3.3",
      "resolved": "https://registry.npmjs.org/@next/swc-darwin-x64/-/swc-darwin-x64-12.3.3.tgz",
      "integrity": "sha512-gRYvTKrRYynjFQUDJ+upHMcBiNz0ii0m7zGgmUTlTSmrBWqVSzx79EHYT7Nn4GWHM+a/W+2VXfu+lqHcJeQ9gQ==",
      "optional": true
    },
    "@next/swc-freebsd-x64": {
      "version": "12.3.3",
      "resolved": "https://registry.npmjs.org/@next/swc-freebsd-x64/-/swc-freebsd-x64-12.3.3.tgz",
      "integrity": "sha512-r+GLATzCjjQI82bgrIPXWEYBwZonSO64OThk5wU6HduZlDYTEDxZsFNoNoesCDWCgRrgg+OXj7WLNy1WlvfX7w==",
      "optional": true
    },
    "@next/swc-linux-arm-gnueabihf": {
      "version": "12.3.3",
      "resolved": "https://registry.npmjs.org/@next/swc-linux-arm-gnueabihf/-/swc-linux-arm-gnueabihf-12.3.3.tgz",
      "integrity": "sha512-juvRj1QX9jmQScL4nV0rROtYUFgWP76zfdn1fdfZ2BhvwUugIAq8x+jLVGlnXKUhDrP9+RrAufqXjjVkK+uBxA==",
      "optional": true
    },
    "@next/swc-linux-arm64-gnu": {
      "version": "12.3.3",
      "resolved": "https://registry.npmjs.org/@next/swc-linux-arm64-gnu/-/swc-linux-arm64-gnu-12.3.3.tgz",
      "integrity": "sha512-hzinybStPB+SzS68hR5rzOngOH7Yd/jFuWGeg9qS5WifYXHpqwGH2BQeKpjVV0iJuyO9r309JKrRWMrbfhnuBA==",
      "optional": true
    },
    "@next/swc-linux-arm64-musl": {
      "version": "12.3.3",
      "resolved": "https://registry.npmjs.org/@next/swc-linux-arm64-musl/-/swc-linux-arm64-musl-12.3.3.tgz",
      "integrity": "sha512-oyfQYljCwf+9zUu1YkTZbRbyxmcHzvJPMGOxC3kJOReh3kCUoGcmvAxUPMtFD6FSYjJ+eaog4+2IFHtYuAw/bQ==",
      "optional": true
    },
    "@next/swc-linux-x64-gnu": {
      "version": "12.3.3",
      "resolved": "https://registry.npmjs.org/@next/swc-linux-x64-gnu/-/swc-linux-x64-gnu-12.3.3.tgz",
      "integrity": "sha512-epv4FMazj/XG70KTTnrZ0H1VtL6DeWOvyHLHYy7f5PdgDpBXpDTFjVqhP8NFNH8HmaDDdeL1NvQD07AXhyvUKA==",
      "optional": true
    },
    "@next/swc-linux-x64-musl": {
      "version": "12.3.3",
      "resolved": "https://registry.npmjs.org/@next/swc-linux-x64-musl/-/swc-linux-x64-musl-12.3.3.tgz",
      "integrity": "sha512-bG5QODFy59XnSFTiPyIAt+rbPdphtvQMibtOVvyjwIwsBUw7swJ6k+6PSPVYEYpi6SHzi3qYBsro39ayGJKQJg==",
      "optional": true
    },
    "@next/swc-win32-arm64-msvc": {
      "version": "12.3.3",
      "resolved": "https://registry.npmjs.org/@next/swc-win32-arm64-msvc/-/swc-win32-arm64-msvc-12.3.3.tgz",
      "integrity": "sha512-FbnT3reJ3MbTJ5W0hvlCCGGVDSpburzT5XGC9ljBJ4kr+85iNTLjv7+vrPeDdwHEqtGmdZgnabkLVCI4yFyCag==",
      "optional": true
    },
    "@next/swc-win32-ia32-msvc": {
      "version": "12.3.3",
      "resolved": "https://registry.npmjs.org/@next/swc-win32-ia32-msvc/-/swc-win32-ia32-msvc-12.3.3.tgz",
      "integrity": "sha512-M/fKZC2tMGWA6eTsIniNEBpx2prdR8lIxvSO3gv5P6ymZOGVWCvEMksnTkPAjHnU6d8r8eCiuGKm3UNo7zCTpQ==",
      "optional": true
    },
    "@next/swc-win32-x64-msvc": {
      "version": "12.3.3",
      "resolved": "https://registry.npmjs.org/@next/swc-win32-x64-msvc/-/swc-win32-x64-msvc-12.3.3.tgz",
      "integrity": "sha512-Ku9mfGwmNtk44o4B/jEWUxBAT4tJ3S7QbBMLJdL1GmtRZ05LGL36OqWjLvBPr8dFiHOQQbYoAmYfQw7zeGypYA==",
      "optional": true
    },
    "@swc/helpers": {
      "version": "0.4.11",
      "resolved": "https://registry.npmjs.org/@swc/helpers/-/helpers-0.4.11.tgz",
      "integrity": "sha512-rEUrBSGIoSFuYxwBYtlUFMlE2CwGhmW+w9355/5oduSw8e5h2+Tj4UrAGNNgP9915++wj5vkQo0UuOBqOAq4nw==",
      "requires": {
        "tslib": "^2.4.0"
      }
    },
    "@tauri-apps/api": {
      "version": "1.2.0",
      "resolved": "https://registry.npmjs.org/@tauri-apps/api/-/api-1.2.0.tgz",
      "integrity": "sha512-lsI54KI6HGf7VImuf/T9pnoejfgkNoXveP14pVV7XarrQ46rOejIVJLFqHI9sRReJMGdh2YuCoI3cc/yCWCsrw=="
    },
    "@tauri-apps/cli": {
      "version": "1.2.0",
      "resolved": "https://registry.npmjs.org/@tauri-apps/cli/-/cli-1.2.0.tgz",
      "integrity": "sha512-DgUnk4p/atWHq2HUx9Vt+/LuRsx4iFlkzdZIUxtFWvpcZih2k0TzmHJbrhM1evh1/7a+SqiwDawmyf3Hz1HxXA==",
      "dev": true,
      "requires": {
        "@tauri-apps/cli-darwin-arm64": "1.2.0",
        "@tauri-apps/cli-darwin-x64": "1.2.0",
        "@tauri-apps/cli-linux-arm-gnueabihf": "1.2.0",
        "@tauri-apps/cli-linux-arm64-gnu": "1.2.0",
        "@tauri-apps/cli-linux-arm64-musl": "1.2.0",
        "@tauri-apps/cli-linux-x64-gnu": "1.2.0",
        "@tauri-apps/cli-linux-x64-musl": "1.2.0",
        "@tauri-apps/cli-win32-ia32-msvc": "1.2.0",
        "@tauri-apps/cli-win32-x64-msvc": "1.2.0"
      }
    },
    "@tauri-apps/cli-darwin-arm64": {
      "version": "1.2.0",
      "resolved": "https://registry.npmjs.org/@tauri-apps/cli-darwin-arm64/-/cli-darwin-arm64-1.2.0.tgz",
      "integrity": "sha512-f3LR2RvTU2ulxYdK9Nc3vKaSpDChu52pz0BMWNrSs3dxs4WTVioie98Ufz+GorifkUp3sYXcJte3HzX6wH/QxQ==",
      "dev": true,
      "optional": true
    },
    "@tauri-apps/cli-darwin-x64": {
      "version": "1.2.0",
      "resolved": "https://registry.npmjs.org/@tauri-apps/cli-darwin-x64/-/cli-darwin-x64-1.2.0.tgz",
      "integrity": "sha512-m07QZaAZCtyobrjddfz/Rxf9GGutnBOpRMbNqVqCk0qKRJzHG1fIsLqkgZh6+qPv0zHpu7xi/FPcqTec72Cp8w==",
      "dev": true,
      "optional": true
    },
    "@tauri-apps/cli-linux-arm-gnueabihf": {
      "version": "1.2.0",
      "resolved": "https://registry.npmjs.org/@tauri-apps/cli-linux-arm-gnueabihf/-/cli-linux-arm-gnueabihf-1.2.0.tgz",
      "integrity": "sha512-Id9eF1JtthZRFVtXAAVtSlI3uMT8cJ7LYmCSIl3mAXEUeaPBxnUs1i9X6/J+2Ho3yLEuuOxJ7PaJd+4v8wnEeg==",
      "dev": true,
      "optional": true
    },
    "@tauri-apps/cli-linux-arm64-gnu": {
      "version": "1.2.0",
      "resolved": "https://registry.npmjs.org/@tauri-apps/cli-linux-arm64-gnu/-/cli-linux-arm64-gnu-1.2.0.tgz",
      "integrity": "sha512-NtfPkkpeMPl+i/tB/Fc8ST2rKO2vV8int/RkOvNGLCkhWcl4sbzKBol7tc4q8c8h0X7FXDcF1l/EOuGsZUAA5Q==",
      "dev": true,
      "optional": true
    },
    "@tauri-apps/cli-linux-arm64-musl": {
      "version": "1.2.0",
      "resolved": "https://registry.npmjs.org/@tauri-apps/cli-linux-arm64-musl/-/cli-linux-arm64-musl-1.2.0.tgz",
      "integrity": "sha512-tz+mOOVsy/TMdq2WJVIJl/iwW3OCWCyD5Fls3fhyJ4XpLfjn4G+C+oU0awXD/0se0ko81aq4D+r8eDx6oBRi0A==",
      "dev": true,
      "optional": true
    },
    "@tauri-apps/cli-linux-x64-gnu": {
      "version": "1.2.0",
      "resolved": "https://registry.npmjs.org/@tauri-apps/cli-linux-x64-gnu/-/cli-linux-x64-gnu-1.2.0.tgz",
      "integrity": "sha512-FH/wU+OWZjRQvrq/oequScr72I84XgOuRuMEpt/GqGD341cBJ8ithpoyzuiKsvjS6K0qMyRFzy3eyhQ7gwX+4Q==",
      "dev": true,
      "optional": true
    },
    "@tauri-apps/cli-linux-x64-musl": {
      "version": "1.2.0",
      "resolved": "https://registry.npmjs.org/@tauri-apps/cli-linux-x64-musl/-/cli-linux-x64-musl-1.2.0.tgz",
      "integrity": "sha512-nLg30aBT9fI83sjIqaGPN7twbtE5LJy2DbKzxIlw59F+GT8HBdiM/2mZdTLB3AQb52yVHuGB1TVtWDsl0JHqCA==",
      "dev": true,
      "optional": true
    },
    "@tauri-apps/cli-win32-ia32-msvc": {
      "version": "1.2.0",
      "resolved": "https://registry.npmjs.org/@tauri-apps/cli-win32-ia32-msvc/-/cli-win32-ia32-msvc-1.2.0.tgz",
      "integrity": "sha512-eXtgIgY0fawgcOuUjH8Y6PxwPxbK87Zl9XmA7Q0m58T7pIz+gcbgvtH8Bb+liYHoRYItIhQxVm+ui7Y59rI7Cg==",
      "dev": true,
      "optional": true
    },
    "@tauri-apps/cli-win32-x64-msvc": {
      "version": "1.2.0",
      "resolved": "https://registry.npmjs.org/@tauri-apps/cli-win32-x64-msvc/-/cli-win32-x64-msvc-1.2.0.tgz",
      "integrity": "sha512-egyM66R05AIbkaUDptpHurFTIYp3VM4H5OrRd3O2b0oXf8SoiXiyrHbQsHVHHDYyytKmwkdNqjdy+Vev/Vq25Q==",
      "dev": true,
      "optional": true
    },
    "@types/node": {
      "version": "18.11.9",
      "resolved": "https://registry.npmjs.org/@types/node/-/node-18.11.9.tgz",
      "integrity": "sha512-CRpX21/kGdzjOpFsZSkcrXMGIBWMGNIHXXBVFSH+ggkftxg+XYP20TESbh+zFvFj3EQOl5byk0HTRn1IL6hbqg==",
      "dev": true
    },
    "@types/prop-types": {
      "version": "15.7.5",
      "resolved": "https://registry.npmjs.org/@types/prop-types/-/prop-types-15.7.5.tgz",
      "integrity": "sha512-JCB8C6SnDoQf0cNycqd/35A7MjcnK+ZTqE7judS6o7utxUCg6imJg3QK2qzHKszlTjcj2cn+NwMB2i96ubpj7w==",
      "dev": true
    },
    "@types/react": {
      "version": "18.0.25",
      "resolved": "https://registry.npmjs.org/@types/react/-/react-18.0.25.tgz",
      "integrity": "sha512-xD6c0KDT4m7n9uD4ZHi02lzskaiqcBxf4zi+tXZY98a04wvc0hi/TcCPC2FOESZi51Nd7tlUeOJY8RofL799/g==",
      "dev": true,
      "requires": {
        "@types/prop-types": "*",
        "@types/scheduler": "*",
        "csstype": "^3.0.2"
      }
    },
    "@types/react-dom": {
      "version": "18.0.8",
      "resolved": "https://registry.npmjs.org/@types/react-dom/-/react-dom-18.0.8.tgz",
      "integrity": "sha512-C3GYO0HLaOkk9dDAz3Dl4sbe4AKUGTCfFIZsz3n/82dPNN8Du533HzKatDxeUYWu24wJgMP1xICqkWk1YOLOIw==",
      "dev": true,
      "requires": {
        "@types/react": "*"
      }
    },
    "@types/scheduler": {
      "version": "0.16.2",
      "resolved": "https://registry.npmjs.org/@types/scheduler/-/scheduler-0.16.2.tgz",
      "integrity": "sha512-hppQEBDmlwhFAXKJX2KnWLYu5yMfi91yazPb2l+lbJiwW+wdo1gNeRA+3RgNSO39WYX2euey41KEwnqesU2Jew==",
      "dev": true
    },
    "caniuse-lite": {
      "version": "1.0.30001431",
      "resolved": "https://registry.npmjs.org/caniuse-lite/-/caniuse-lite-1.0.30001431.tgz",
      "integrity": "sha512-zBUoFU0ZcxpvSt9IU66dXVT/3ctO1cy4y9cscs1szkPlcWb6pasYM144GqrUygUbT+k7cmUCW61cvskjcv0enQ=="
    },
    "csstype": {
      "version": "3.1.1",
      "resolved": "https://registry.npmjs.org/csstype/-/csstype-3.1.1.tgz",
      "integrity": "sha512-DJR/VvkAvSZW9bTouZue2sSxDwdTN92uHjqeKVm+0dAqdfNykRzQ95tay8aXMBAAPpUiq4Qcug2L7neoRh2Egw==",
      "dev": true
    },
    "js-tokens": {
      "version": "4.0.0",
      "resolved": "https://registry.npmjs.org/js-tokens/-/js-tokens-4.0.0.tgz",
      "integrity": "sha512-RdJUflcE3cUzKiMqQgsCu06FPu9UdIJO0beYbPhHN4k6apgJtifcoCtT9bcxOpYBtpD2kCM6Sbzg4CausW/PKQ=="
    },
    "loose-envify": {
      "version": "1.4.0",
      "resolved": "https://registry.npmjs.org/loose-envify/-/loose-envify-1.4.0.tgz",
      "integrity": "sha512-lyuxPGr/Wfhrlem2CL/UcnUc1zcqKAImBDzukY7Y5F/yQiNdko6+fRLevlw1HgMySw7f611UIY408EtxRSoK3Q==",
      "requires": {
        "js-tokens": "^3.0.0 || ^4.0.0"
      }
    },
    "nanoid": {
      "version": "3.3.4",
      "resolved": "https://registry.npmjs.org/nanoid/-/nanoid-3.3.4.tgz",
      "integrity": "sha512-MqBkQh/OHTS2egovRtLk45wEyNXwF+cokD+1YPf9u5VfJiRdAiRwB2froX5Co9Rh20xs4siNPm8naNotSD6RBw=="
    },
    "next": {
      "version": "12.3.3",
      "resolved": "https://registry.npmjs.org/next/-/next-12.3.3.tgz",
      "integrity": "sha512-Rx2Y6Wl5R8E77NOfBupp/B9OPCklqfqD0yN2+rDivhMjd6hjVFH5n0WTDI4PWwDmZsdNcYt6NV85kJ3PLR+eNQ==",
      "requires": {
        "@next/env": "12.3.3",
        "@next/swc-android-arm-eabi": "12.3.3",
        "@next/swc-android-arm64": "12.3.3",
        "@next/swc-darwin-arm64": "12.3.3",
        "@next/swc-darwin-x64": "12.3.3",
        "@next/swc-freebsd-x64": "12.3.3",
        "@next/swc-linux-arm-gnueabihf": "12.3.3",
        "@next/swc-linux-arm64-gnu": "12.3.3",
        "@next/swc-linux-arm64-musl": "12.3.3",
        "@next/swc-linux-x64-gnu": "12.3.3",
        "@next/swc-linux-x64-musl": "12.3.3",
        "@next/swc-win32-arm64-msvc": "12.3.3",
        "@next/swc-win32-ia32-msvc": "12.3.3",
        "@next/swc-win32-x64-msvc": "12.3.3",
        "@swc/helpers": "0.4.11",
        "caniuse-lite": "^1.0.30001406",
        "postcss": "8.4.14",
        "styled-jsx": "5.0.7",
        "use-sync-external-store": "1.2.0"
      }
    },
    "picocolors": {
      "version": "1.0.0",
      "resolved": "https://registry.npmjs.org/picocolors/-/picocolors-1.0.0.tgz",
      "integrity": "sha512-1fygroTLlHu66zi26VoTDv8yRgm0Fccecssto+MhsZ0D/DGW2sm8E8AjW7NU5VVTRt5GxbeZ5qBuJr+HyLYkjQ=="
    },
    "postcss": {
      "version": "8.4.14",
      "resolved": "https://registry.npmjs.org/postcss/-/postcss-8.4.14.tgz",
      "integrity": "sha512-E398TUmfAYFPBSdzgeieK2Y1+1cpdxJx8yXbK/m57nRhKSmk1GB2tO4lbLBtlkfPQTDKfe4Xqv1ASWPpayPEig==",
      "requires": {
        "nanoid": "^3.3.4",
        "picocolors": "^1.0.0",
        "source-map-js": "^1.0.2"
      }
    },
    "react": {
      "version": "18.2.0",
      "resolved": "https://registry.npmjs.org/react/-/react-18.2.0.tgz",
      "integrity": "sha512-/3IjMdb2L9QbBdWiW5e3P2/npwMBaU9mHCSCUzNln0ZCYbcfTsGbTJrU/kGemdH2IWmB2ioZ+zkxtmq6g09fGQ==",
      "requires": {
        "loose-envify": "^1.1.0"
      }
    },
    "react-dom": {
      "version": "18.2.0",
      "resolved": "https://registry.npmjs.org/react-dom/-/react-dom-18.2.0.tgz",
      "integrity": "sha512-6IMTriUmvsjHUjNtEDudZfuDQUoWXVxKHhlEGSk81n4YFS+r/Kl99wXiwlVXtPBtJenozv2P+hxDsw9eA7Xo6g==",
      "requires": {
        "loose-envify": "^1.1.0",
        "scheduler": "^0.23.0"
      }
    },
    "scheduler": {
      "version": "0.23.0",
      "resolved": "https://registry.npmjs.org/scheduler/-/scheduler-0.23.0.tgz",
      "integrity": "sha512-CtuThmgHNg7zIZWAXi3AsyIzA3n4xx7aNyjwC2VJldO2LMVDhFK+63xGqq6CsJH4rTAt6/M+N4GhZiDYPx9eUw==",
      "requires": {
        "loose-envify": "^1.1.0"
      }
    },
    "source-map-js": {
      "version": "1.0.2",
      "resolved": "https://registry.npmjs.org/source-map-js/-/source-map-js-1.0.2.tgz",
      "integrity": "sha512-R0XvVJ9WusLiqTCEiGCmICCMplcCkIwwR11mOSD9CR5u+IXYdiseeEuXCVAjS54zqwkLcPNnmU4OeJ6tUrWhDw=="
    },
    "styled-jsx": {
      "version": "5.0.7",
      "resolved": "https://registry.npmjs.org/styled-jsx/-/styled-jsx-5.0.7.tgz",
      "integrity": "sha512-b3sUzamS086YLRuvnaDigdAewz1/EFYlHpYBP5mZovKEdQQOIIYq8lApylub3HHZ6xFjV051kkGU7cudJmrXEA==",
      "requires": {}
    },
    "tslib": {
      "version": "2.4.1",
      "resolved": "https://registry.npmjs.org/tslib/-/tslib-2.4.1.tgz",
      "integrity": "sha512-tGyy4dAjRIEwI7BzsB0lynWgOpfqjUdq91XXAlIWD2OwKBH7oCl/GZG/HT4BOHrTlPMOASlMQ7veyTqpmRcrNA=="
    },
    "typescript": {
      "version": "4.8.4",
      "resolved": "https://registry.npmjs.org/typescript/-/typescript-4.8.4.tgz",
      "integrity": "sha512-QCh+85mCy+h0IGff8r5XWzOVSbBO+KfeYrMQh7NJ58QujwcE22u+NUSmUxqF+un70P9GXKxa2HCNiTTMJknyjQ==",
      "dev": true
    },
    "use-sync-external-store": {
      "version": "1.2.0",
      "resolved": "https://registry.npmjs.org/use-sync-external-store/-/use-sync-external-store-1.2.0.tgz",
      "integrity": "sha512-eEgnFxGQ1Ife9bzYs6VLi8/4X6CObHMw9Qr9tPY43iKwsPw8xE8+EFsf/2cFZ5S3esXgpWgtSCtLNS41F+sKPA==",
      "requires": {}
    }
  }
}
